
Microsoft Visual Studio Solution File, Format Version 12.00
# Visual Studio Version 17
VisualStudioVersion = 17.8.34525.116
MinimumVisualStudioVersion = 10.0.40219.1
Project("{FAE04EC0-301F-11D3-BF4B-00C04F79EFBC}") = "DesafioSemana9", "DesafioSemana9\DesafioSemana9.csproj", "{038A265B-9EC3-4811-ABF4-08800A806AC2}"
EndProject
Global
	GlobalSection(SolutionConfigurationPlatforms) = preSolution
		Debug|Any CPU = Debug|Any CPU
		Release|Any CPU = Release|Any CPU
	EndGlobalSection
	GlobalSection(ProjectConfigurationPlatforms) = postSolution
		{038A265B-9EC3-4811-ABF4-08800A806AC2}.Debug|Any CPU.ActiveCfg = Debug|Any CPU
		{038A265B-9EC3-4811-ABF4-08800A806AC2}.Debug|Any CPU.Build.0 = Debug|Any CPU
		{038A265B-9EC3-4811-ABF4-08800A806AC2}.Release|Any CPU.ActiveCfg = Release|Any CPU
		{038A265B-9EC3-4811-ABF4-08800A806AC2}.Release|Any CPU.Build.0 = Release|Any CPU
	EndGlobalSection
	GlobalSection(SolutionProperties) = preSolution
		HideSolutionNode = FALSE
	EndGlobalSection
	GlobalSection(ExtensibilityGlobals) = postSolution
		SolutionGuid = {B9554FFD-99B6-4B44-8FD2-6C1A353715B2}
	EndGlobalSection
EndGlobal
