
Microsoft Visual Studio Solution File, Format Version 12.00
# Visual Studio Version 17
VisualStudioVersion = 17.8.34525.116
MinimumVisualStudioVersion = 10.0.40219.1
Project("{FAE04EC0-301F-11D3-BF4B-00C04F79EFBC}") = "Aplicación de Gestión Financiera para una Tienda", "Aplicación de Gestión Financiera para una Tienda\Aplicación de Gestión Financiera para una Tienda.csproj", "{AEB4B383-3670-4AEC-8503-6534DC81538D}"
EndProject
Global
	GlobalSection(SolutionConfigurationPlatforms) = preSolution
		Debug|Any CPU = Debug|Any CPU
		Release|Any CPU = Release|Any CPU
	EndGlobalSection
	GlobalSection(ProjectConfigurationPlatforms) = postSolution
		{AEB4B383-3670-4AEC-8503-6534DC81538D}.Debug|Any CPU.ActiveCfg = Debug|Any CPU
		{AEB4B383-3670-4AEC-8503-6534DC81538D}.Debug|Any CPU.Build.0 = Debug|Any CPU
		{AEB4B383-3670-4AEC-8503-6534DC81538D}.Release|Any CPU.ActiveCfg = Release|Any CPU
		{AEB4B383-3670-4AEC-8503-6534DC81538D}.Release|Any CPU.Build.0 = Release|Any CPU
	EndGlobalSection
	GlobalSection(SolutionProperties) = preSolution
		HideSolutionNode = FALSE
	EndGlobalSection
	GlobalSection(ExtensibilityGlobals) = postSolution
		SolutionGuid = {027C3981-AF23-4738-97AF-DA804396C15F}
	EndGlobalSection
EndGlobal
