
Microsoft Visual Studio Solution File, Format Version 12.00
# Visual Studio Version 17
VisualStudioVersion = 17.8.34525.116
MinimumVisualStudioVersion = 10.0.40219.1
Project("{FAE04EC0-301F-11D3-BF4B-00C04F79EFBC}") = "Session10", "Session10\Session10.csproj", "{52792748-60E8-406F-8394-1C8C4C7AF694}"
EndProject
Global
	GlobalSection(SolutionConfigurationPlatforms) = preSolution
		Debug|Any CPU = Debug|Any CPU
		Release|Any CPU = Release|Any CPU
	EndGlobalSection
	GlobalSection(ProjectConfigurationPlatforms) = postSolution
		{52792748-60E8-406F-8394-1C8C4C7AF694}.Debug|Any CPU.ActiveCfg = Debug|Any CPU
		{52792748-60E8-406F-8394-1C8C4C7AF694}.Debug|Any CPU.Build.0 = Debug|Any CPU
		{52792748-60E8-406F-8394-1C8C4C7AF694}.Release|Any CPU.ActiveCfg = Release|Any CPU
		{52792748-60E8-406F-8394-1C8C4C7AF694}.Release|Any CPU.Build.0 = Release|Any CPU
	EndGlobalSection
	GlobalSection(SolutionProperties) = preSolution
		HideSolutionNode = FALSE
	EndGlobalSection
	GlobalSection(ExtensibilityGlobals) = postSolution
		SolutionGuid = {1EC4F286-4626-40A7-A7F8-AD2FF8278E53}
	EndGlobalSection
EndGlobal
